
Microsoft Visual Studio Solution File, Format Version 12.00
# Visual Studio Version 16
VisualStudioVersion = 16.0.30517.126
MinimumVisualStudioVersion = 10.0.40219.1
Project("{8BC9CEB8-8B4A-11D0-8D11-00A0C91BC942}") = "DX12_Chapter3", "DX12_Chapter3.vcxproj", "{D2BCAD35-81F9-4769-A4E3-E3E17A62C624}"
EndProject
Project("{8BC9CEB8-8B4A-11D0-8D11-00A0C91BC942}") = "WindowsProject1", "..\WindowsProject1\WindowsProject1.vcxproj", "{9A28E8D7-96EF-487B-A84E-4B9E258F9789}"
EndProject
Global
	GlobalSection(SolutionConfigurationPlatforms) = preSolution
		Debug|x64 = Debug|x64
		Debug|x86 = Debug|x86
		Release|x64 = Release|x64
		Release|x86 = Release|x86
	EndGlobalSection
	GlobalSection(ProjectConfigurationPlatforms) = postSolution
		{D2BCAD35-81F9-4769-A4E3-E3E17A62C624}.Debug|x64.ActiveCfg = Debug|x64
		{D2BCAD35-81F9-4769-A4E3-E3E17A62C624}.Debug|x64.Build.0 = Debug|x64
		{D2BCAD35-81F9-4769-A4E3-E3E17A62C624}.Debug|x86.ActiveCfg = Debug|Win32
		{D2BCAD35-81F9-4769-A4E3-E3E17A62C624}.Debug|x86.Build.0 = Debug|Win32
		{D2BCAD35-81F9-4769-A4E3-E3E17A62C624}.Release|x64.ActiveCfg = Release|x64
		{D2BCAD35-81F9-4769-A4E3-E3E17A62C624}.Release|x64.Build.0 = Release|x64
		{D2BCAD35-81F9-4769-A4E3-E3E17A62C624}.Release|x86.ActiveCfg = Release|Win32
		{D2BCAD35-81F9-4769-A4E3-E3E17A62C624}.Release|x86.Build.0 = Release|Win32
		{9A28E8D7-96EF-487B-A84E-4B9E258F9789}.Debug|x64.ActiveCfg = Debug|x64
		{9A28E8D7-96EF-487B-A84E-4B9E258F9789}.Debug|x64.Build.0 = Debug|x64
		{9A28E8D7-96EF-487B-A84E-4B9E258F9789}.Debug|x86.ActiveCfg = Debug|Win32
		{9A28E8D7-96EF-487B-A84E-4B9E258F9789}.Debug|x86.Build.0 = Debug|Win32
		{9A28E8D7-96EF-487B-A84E-4B9E258F9789}.Release|x64.ActiveCfg = Release|x64
		{9A28E8D7-96EF-487B-A84E-4B9E258F9789}.Release|x64.Build.0 = Release|x64
		{9A28E8D7-96EF-487B-A84E-4B9E258F9789}.Release|x86.ActiveCfg = Release|Win32
		{9A28E8D7-96EF-487B-A84E-4B9E258F9789}.Release|x86.Build.0 = Release|Win32
	EndGlobalSection
	GlobalSection(SolutionProperties) = preSolution
		HideSolutionNode = FALSE
	EndGlobalSection
	GlobalSection(ExtensibilityGlobals) = postSolution
		SolutionGuid = {CA5973A2-6DA2-4A7A-968B-F32541FA081C}
	EndGlobalSection
EndGlobal
